// !$*UTF8*$!
{
	archiveVersion = 1;
	classes = {
	};
	objectVersion = 48;
	objects = {

/* Begin PBXBuildFile section */
		4E06B55F2072B31000A4AF95 /* 20-CambodiaFlag.jpeg in Resources */ = {isa = PBXBuildFile; fileRef = 4E06B5522072B30D00A4AF95 /* 20-CambodiaFlag.jpeg */; };
		4E06B5602072B31000A4AF95 /* 13-GreeceFlag.jpeg in Resources */ = {isa = PBXBuildFile; fileRef = 4E06B5532072B30E00A4AF95 /* 13-GreeceFlag.jpeg */; };
		4E06B5612072B31000A4AF95 /* 12-SantaBarbraFlag.jpeg in Resources */ = {isa = PBXBuildFile; fileRef = 4E06B5542072B30E00A4AF95 /* 12-SantaBarbraFlag.jpeg */; };
		4E06B5632072B31000A4AF95 /* 16-NassauFlag.jpeg in Resources */ = {isa = PBXBuildFile; fileRef = 4E06B5562072B30F00A4AF95 /* 16-NassauFlag.jpeg */; };
		4E06B5642072B31000A4AF95 /* 18-IbizaFlag.jpeg in Resources */ = {isa = PBXBuildFile; fileRef = 4E06B5572072B30F00A4AF95 /* 18-IbizaFlag.jpeg */; };
		4E06B5652072B31000A4AF95 /* 8-JamicaFlag.jpeg in Resources */ = {isa = PBXBuildFile; fileRef = 4E06B5582072B30F00A4AF95 /* 8-JamicaFlag.jpeg */; };
		4E06B5662072B31000A4AF95 /* 11-LosCabosFlag.jpeg in Resources */ = {isa = PBXBuildFile; fileRef = 4E06B5592072B30F00A4AF95 /* 11-LosCabosFlag.jpeg */; };
		4E06B5672072B31000A4AF95 /* 19-FloridaFlag.jpeg in Resources */ = {isa = PBXBuildFile; fileRef = 4E06B55A2072B30F00A4AF95 /* 19-FloridaFlag.jpeg */; };
		4E06B5682072B31000A4AF95 /* 9-FijiFlag.jpeg in Resources */ = {isa = PBXBuildFile; fileRef = 4E06B55B2072B30F00A4AF95 /* 9-FijiFlag.jpeg */; };
		4E06B5692072B31000A4AF95 /* 15-IndonesiaFlag.jpeg in Resources */ = {isa = PBXBuildFile; fileRef = 4E06B55C2072B30F00A4AF95 /* 15-IndonesiaFlag.jpeg */; };
		4E06B56A2072B31000A4AF95 /* 10-FlordiaFlag.jpeg in Resources */ = {isa = PBXBuildFile; fileRef = 4E06B55D2072B31000A4AF95 /* 10-FlordiaFlag.jpeg */; };
		4E06B56B2072B31000A4AF95 /* 14-RivieraMayaFlag.jpeg in Resources */ = {isa = PBXBuildFile; fileRef = 4E06B55E2072B31000A4AF95 /* 14-RivieraMayaFlag.jpeg */; };
		4E06B56D2072C4E900A4AF95 /* 17-StVincentTheGrenadinesFlag.jpeg in Resources */ = {isa = PBXBuildFile; fileRef = 4E06B56C2072C4E800A4AF95 /* 17-StVincentTheGrenadinesFlag.jpeg */; };
		4E3F5FCF20712CA600F4E97C /* AppDelegate.m in Sources */ = {isa = PBXBuildFile; fileRef = 4E3F5FCE20712CA600F4E97C /* AppDelegate.m */; };
		4E3F5FD220712CA600F4E97C /* ViewController.m in Sources */ = {isa = PBXBuildFile; fileRef = 4E3F5FD120712CA600F4E97C /* ViewController.m */; };
		4E3F5FD520712CA600F4E97C /* Main.storyboard in Resources */ = {isa = PBXBuildFile; fileRef = 4E3F5FD320712CA600F4E97C /* Main.storyboard */; };
		4E3F5FD720712CA600F4E97C /* Assets.xcassets in Resources */ = {isa = PBXBuildFile; fileRef = 4E3F5FD620712CA600F4E97C /* Assets.xcassets */; };
		4E3F5FDA20712CA600F4E97C /* LaunchScreen.storyboard in Resources */ = {isa = PBXBuildFile; fileRef = 4E3F5FD820712CA600F4E97C /* LaunchScreen.storyboard */; };
		4E3F5FDD20712CA600F4E97C /* main.m in Sources */ = {isa = PBXBuildFile; fileRef = 4E3F5FDC20712CA600F4E97C /* main.m */; };
		4E3F5FE720712CA600F4E97C /* GlobalVibesTests.m in Sources */ = {isa = PBXBuildFile; fileRef = 4E3F5FE620712CA600F4E97C /* GlobalVibesTests.m */; };
		4E3F5FF220712CA600F4E97C /* GlobalVibesUITests.m in Sources */ = {isa = PBXBuildFile; fileRef = 4E3F5FF120712CA600F4E97C /* GlobalVibesUITests.m */; };
		4EAEC22220CDAC87001A6928 /* DetailViewController.m in Sources */ = {isa = PBXBuildFile; fileRef = 4EAEC22120CDAC87001A6928 /* DetailViewController.m */; };
		4EF820F62071AFBC00E72569 /* 3-DisneyFlag.jpeg in Resources */ = {isa = PBXBuildFile; fileRef = 4EF820EF2071AFBB00E72569 /* 3-DisneyFlag.jpeg */; };
		4EF820F72071AFBC00E72569 /* 5-ThailandFlag.jpeg in Resources */ = {isa = PBXBuildFile; fileRef = 4EF820F02071AFBB00E72569 /* 5-ThailandFlag.jpeg */; };
		4EF820F82071AFBC00E72569 /* 2-PlayaDelCarmenFlag.jpeg in Resources */ = {isa = PBXBuildFile; fileRef = 4EF820F12071AFBB00E72569 /* 2-PlayaDelCarmenFlag.jpeg */; };
		4EF820F92071AFBC00E72569 /* 4-BahamasFlag.jpeg in Resources */ = {isa = PBXBuildFile; fileRef = 4EF820F22071AFBB00E72569 /* 4-BahamasFlag.jpeg */; };
		4EF820FA2071AFBC00E72569 /* 1-BermudaFlag.jpeg in Resources */ = {isa = PBXBuildFile; fileRef = 4EF820F32071AFBB00E72569 /* 1-BermudaFlag.jpeg */; };
		4EF820FB2071AFBC00E72569 /* 6-MediterraneanFlag.jpeg in Resources */ = {isa = PBXBuildFile; fileRef = 4EF820F42071AFBB00E72569 /* 6-MediterraneanFlag.jpeg */; };
		4EF820FC2071AFBC00E72569 /* 7-HawaiiFlag.jpeg in Resources */ = {isa = PBXBuildFile; fileRef = 4EF820F52071AFBC00E72569 /* 7-HawaiiFlag.jpeg */; };
		4EF820FE2071B25B00E72569 /* global-vibes-final-logo.jpg in Resources */ = {isa = PBXBuildFile; fileRef = 4EF820FD2071B25A00E72569 /* global-vibes-final-logo.jpg */; };
		5F00816050364801BFAAB24A /* libPods-GlobalVibesUITests.a in Frameworks */ = {isa = PBXBuildFile; fileRef = 7240E4157F44E733B338BFBD /* libPods-GlobalVibesUITests.a */; };
		6E02F1F32210DEDB00344452 /* Spring_Tx_Houston_City_Place_Marriott_at_Springwoods_Village.jpeg in Resources */ = {isa = PBXBuildFile; fileRef = 6E02F1EA2210DEDA00344452 /* Spring_Tx_Houston_City_Place_Marriott_at_Springwoods_Village.jpeg */; };
		6E02F1F42210DEDB00344452 /* Lisbon_Portugal_Ramada_by_Wyndham.jpeg in Resources */ = {isa = PBXBuildFile; fileRef = 6E02F1EB2210DEDA00344452 /* Lisbon_Portugal_Ramada_by_Wyndham.jpeg */; };
		6E02F1F52210DEDB00344452 /* Wanning_China_DoubleTree_Resort_by_Hilton.jpeg in Resources */ = {isa = PBXBuildFile; fileRef = 6E02F1EC2210DEDA00344452 /* Wanning_China_DoubleTree_Resort_by_Hilton.jpeg */; };
		6E02F1F62210DEDB00344452 /* Dorado_Pr_Dorado_Beach_A_Ritz-Carlton_Reserve.jpeg in Resources */ = {isa = PBXBuildFile; fileRef = 6E02F1ED2210DEDA00344452 /* Dorado_Pr_Dorado_Beach_A_Ritz-Carlton_Reserve.jpeg */; };
		6E02F1F72210DEDB00344452 /* Burgenstock Resort Lake Lucerne.jpeg in Resources */ = {isa = PBXBuildFile; fileRef = 6E02F1EE2210DEDA00344452 /* Burgenstock Resort Lake Lucerne.jpeg */; };
		6E02F1F82210DEDB00344452 /* Chicago_Il_Sophy_Hyde_Park.jpeg in Resources */ = {isa = PBXBuildFile; fileRef = 6E02F1EF2210DEDB00344452 /* Chicago_Il_Sophy_Hyde_Park.jpeg */; };
		6E02F1F92210DEDB00344452 /* San_Antonio_Tx_TownePlace_Suites_by_Marriott.jpeg in Resources */ = {isa = PBXBuildFile; fileRef = 6E02F1F02210DEDB00344452 /* San_Antonio_Tx_TownePlace_Suites_by_Marriott.jpeg */; };
		6E02F1FA2210DEDB00344452 /* Ikeja_Nigeria_Legend_Hotel_Lagos_Airport.jpeg in Resources */ = {isa = PBXBuildFile; fileRef = 6E02F1F12210DEDB00344452 /* Ikeja_Nigeria_Legend_Hotel_Lagos_Airport.jpeg */; };
		6E02F1FB2210DEDB00344452 /* Muscat_Oman_Al_Bustan_Palace_Ritz-Carlton_Hotel.jpeg in Resources */ = {isa = PBXBuildFile; fileRef = 6E02F1F22210DEDB00344452 /* Muscat_Oman_Al_Bustan_Palace_Ritz-Carlton_Hotel.jpeg */; };
		6E0D875C22115C2900F40FE7 /* global-vibes-final-logo57x57.png in Resources */ = {isa = PBXBuildFile; fileRef = 6E0D875A22115C2800F40FE7 /* global-vibes-final-logo57x57.png */; };
		6E0D875D22115C2900F40FE7 /* global-vibes-final-logo512x512.png in Resources */ = {isa = PBXBuildFile; fileRef = 6E0D875B22115C2800F40FE7 /* global-vibes-final-logo512x512.png */; };
		6E0D875F2211617F00F40FE7 /* GoogleService-Info.plist in Resources */ = {isa = PBXBuildFile; fileRef = 6E0D875E2211617E00F40FE7 /* GoogleService-Info.plist */; };
		6E6D817022114CC600B6D961 /* Wanning_China_DoubleTree_Resort_by_Hilton_LG.jpeg in Resources */ = {isa = PBXBuildFile; fileRef = 6E6D816722114CC500B6D961 /* Wanning_China_DoubleTree_Resort_by_Hilton_LG.jpeg */; };
		6E6D817122114CC600B6D961 /* Chicago_Il_Sophy_Hyde_Park_LG.jpeg in Resources */ = {isa = PBXBuildFile; fileRef = 6E6D816822114CC500B6D961 /* Chicago_Il_Sophy_Hyde_Park_LG.jpeg */; };
		6E6D817222114CC600B6D961 /* Burgenstock Resort Lake Lucerne_LG.jpeg in Resources */ = {isa = PBXBuildFile; fileRef = 6E6D816922114CC500B6D961 /* Burgenstock Resort Lake Lucerne_LG.jpeg */; };
		6E6D817322114CC600B6D961 /* San_Antonio_Tx_TownePlace_Suites_by_Marriott_LG.jpeg in Resources */ = {isa = PBXBuildFile; fileRef = 6E6D816A22114CC500B6D961 /* San_Antonio_Tx_TownePlace_Suites_by_Marriott_LG.jpeg */; };
		6E6D817422114CC600B6D961 /* Muscat_Oman_Al_Bustan_Palace_Ritz-Carlton_Hotel_LG.jpeg in Resources */ = {isa = PBXBuildFile; fileRef = 6E6D816B22114CC500B6D961 /* Muscat_Oman_Al_Bustan_Palace_Ritz-Carlton_Hotel_LG.jpeg */; };
		6E6D817522114CC600B6D961 /* Spring_Tx_Houston_City_Place_Marriott_at_Springwoods_Village_LG.jpeg in Resources */ = {isa = PBXBuildFile; fileRef = 6E6D816C22114CC600B6D961 /* Spring_Tx_Houston_City_Place_Marriott_at_Springwoods_Village_LG.jpeg */; };
		6E6D817622114CC600B6D961 /* Dorado_Pr_Dorado_Beach_A_Ritz-Carlton_Reserve_LG.jpeg in Resources */ = {isa = PBXBuildFile; fileRef = 6E6D816D22114CC600B6D961 /* Dorado_Pr_Dorado_Beach_A_Ritz-Carlton_Reserve_LG.jpeg */; };
		6E6D817722114CC600B6D961 /* Ikeja_Nigeria_Legend_Hotel_Lagos_Airport_LG.jpeg in Resources */ = {isa = PBXBuildFile; fileRef = 6E6D816E22114CC600B6D961 /* Ikeja_Nigeria_Legend_Hotel_Lagos_Airport_LG.jpeg */; };
		6E6D817822114CC600B6D961 /* Lisbon_Portugal_Ramada_by_Wyndham_LG.jpeg in Resources */ = {isa = PBXBuildFile; fileRef = 6E6D816F22114CC600B6D961 /* Lisbon_Portugal_Ramada_by_Wyndham_LG.jpeg */; };
		7F56F07193085A7C98FAC1CC /* libPods-GlobalVibesTests.a in Frameworks */ = {isa = PBXBuildFile; fileRef = 591930DAFE141952E8883105 /* libPods-GlobalVibesTests.a */; };
		ADF8DE9020B64C79000EC30F /* TripList.txt in Resources */ = {isa = PBXBuildFile; fileRef = ADF8DE8F20B64C79000EC30F /* TripList.txt */; };
		E5CA0250C0546E534A8B004E /* libPods-GlobalVibes.a in Frameworks */ = {isa = PBXBuildFile; fileRef = FB28BA142EA95AC1404DCA21 /* libPods-GlobalVibes.a */; };
/* End PBXBuildFile section */

/* Begin PBXContainerItemProxy section */
		4E3F5FE320712CA600F4E97C /* PBXContainerItemProxy */ = {
			isa = PBXContainerItemProxy;
			containerPortal = 4E3F5FC220712CA600F4E97C /* Project object */;
			proxyType = 1;
			remoteGlobalIDString = 4E3F5FC920712CA600F4E97C;
			remoteInfo = GlobalVibes;
		};
		4E3F5FEE20712CA600F4E97C /* PBXContainerItemProxy */ = {
			isa = PBXContainerItemProxy;
			containerPortal = 4E3F5FC220712CA600F4E97C /* Project object */;
			proxyType = 1;
			remoteGlobalIDString = 4E3F5FC920712CA600F4E97C;
			remoteInfo = GlobalVibes;
		};
/* End PBXContainerItemProxy section */

/* Begin PBXFileReference section */
		318FE45951334B6ECB61E031 /* Pods-GlobalVibesUITests.debug.xcconfig */ = {isa = PBXFileReference; includeInIndex = 1; lastKnownFileType = text.xcconfig; name = "Pods-GlobalVibesUITests.debug.xcconfig"; path = "Pods/Target Support Files/Pods-GlobalVibesUITests/Pods-GlobalVibesUITests.debug.xcconfig"; sourceTree = "<group>"; };
		4E06B5522072B30D00A4AF95 /* 20-CambodiaFlag.jpeg */ = {isa = PBXFileReference; lastKnownFileType = image.jpeg; path = "20-CambodiaFlag.jpeg"; sourceTree = "<group>"; };
		4E06B5532072B30E00A4AF95 /* 13-GreeceFlag.jpeg */ = {isa = PBXFileReference; lastKnownFileType = image.jpeg; path = "13-GreeceFlag.jpeg"; sourceTree = "<group>"; };
		4E06B5542072B30E00A4AF95 /* 12-SantaBarbraFlag.jpeg */ = {isa = PBXFileReference; lastKnownFileType = image.jpeg; path = "12-SantaBarbraFlag.jpeg"; sourceTree = "<group>"; };
		4E06B5562072B30F00A4AF95 /* 16-NassauFlag.jpeg */ = {isa = PBXFileReference; lastKnownFileType = image.jpeg; path = "16-NassauFlag.jpeg"; sourceTree = "<group>"; };
		4E06B5572072B30F00A4AF95 /* 18-IbizaFlag.jpeg */ = {isa = PBXFileReference; lastKnownFileType = image.jpeg; path = "18-IbizaFlag.jpeg"; sourceTree = "<group>"; };
		4E06B5582072B30F00A4AF95 /* 8-JamicaFlag.jpeg */ = {isa = PBXFileReference; lastKnownFileType = image.jpeg; path = "8-JamicaFlag.jpeg"; sourceTree = "<group>"; };
		4E06B5592072B30F00A4AF95 /* 11-LosCabosFlag.jpeg */ = {isa = PBXFileReference; lastKnownFileType = image.jpeg; path = "11-LosCabosFlag.jpeg"; sourceTree = "<group>"; };
		4E06B55A2072B30F00A4AF95 /* 19-FloridaFlag.jpeg */ = {isa = PBXFileReference; lastKnownFileType = image.jpeg; path = "19-FloridaFlag.jpeg"; sourceTree = "<group>"; };
		4E06B55B2072B30F00A4AF95 /* 9-FijiFlag.jpeg */ = {isa = PBXFileReference; lastKnownFileType = image.jpeg; path = "9-FijiFlag.jpeg"; sourceTree = "<group>"; };
		4E06B55C2072B30F00A4AF95 /* 15-IndonesiaFlag.jpeg */ = {isa = PBXFileReference; lastKnownFileType = image.jpeg; path = "15-IndonesiaFlag.jpeg"; sourceTree = "<group>"; };
		4E06B55D2072B31000A4AF95 /* 10-FlordiaFlag.jpeg */ = {isa = PBXFileReference; lastKnownFileType = image.jpeg; path = "10-FlordiaFlag.jpeg"; sourceTree = "<group>"; };
		4E06B55E2072B31000A4AF95 /* 14-RivieraMayaFlag.jpeg */ = {isa = PBXFileReference; lastKnownFileType = image.jpeg; path = "14-RivieraMayaFlag.jpeg"; sourceTree = "<group>"; };
		4E06B56C2072C4E800A4AF95 /* 17-StVincentTheGrenadinesFlag.jpeg */ = {isa = PBXFileReference; lastKnownFileType = image.jpeg; path = "17-StVincentTheGrenadinesFlag.jpeg"; sourceTree = "<group>"; };
		4E3F5FCA20712CA600F4E97C /* GlobalVibes.app */ = {isa = PBXFileReference; explicitFileType = wrapper.application; includeInIndex = 0; path = GlobalVibes.app; sourceTree = BUILT_PRODUCTS_DIR; };
		4E3F5FCD20712CA600F4E97C /* AppDelegate.h */ = {isa = PBXFileReference; lastKnownFileType = sourcecode.c.h; path = AppDelegate.h; sourceTree = "<group>"; };
		4E3F5FCE20712CA600F4E97C /* AppDelegate.m */ = {isa = PBXFileReference; lastKnownFileType = sourcecode.c.objc; path = AppDelegate.m; sourceTree = "<group>"; };
		4E3F5FD020712CA600F4E97C /* ViewController.h */ = {isa = PBXFileReference; lastKnownFileType = sourcecode.c.h; path = ViewController.h; sourceTree = "<group>"; };
		4E3F5FD120712CA600F4E97C /* ViewController.m */ = {isa = PBXFileReference; lastKnownFileType = sourcecode.c.objc; path = ViewController.m; sourceTree = "<group>"; };
		4E3F5FD420712CA600F4E97C /* Base */ = {isa = PBXFileReference; lastKnownFileType = file.storyboard; name = Base; path = Base.lproj/Main.storyboard; sourceTree = "<group>"; };
		4E3F5FD620712CA600F4E97C /* Assets.xcassets */ = {isa = PBXFileReference; lastKnownFileType = folder.assetcatalog; path = Assets.xcassets; sourceTree = "<group>"; };
		4E3F5FD920712CA600F4E97C /* Base */ = {isa = PBXFileReference; lastKnownFileType = file.storyboard; name = Base; path = Base.lproj/LaunchScreen.storyboard; sourceTree = "<group>"; };
		4E3F5FDB20712CA600F4E97C /* Info.plist */ = {isa = PBXFileReference; lastKnownFileType = text.plist.xml; path = Info.plist; sourceTree = "<group>"; };
		4E3F5FDC20712CA600F4E97C /* main.m */ = {isa = PBXFileReference; lastKnownFileType = sourcecode.c.objc; path = main.m; sourceTree = "<group>"; };
		4E3F5FE220712CA600F4E97C /* GlobalVibesTests.xctest */ = {isa = PBXFileReference; explicitFileType = wrapper.cfbundle; includeInIndex = 0; path = GlobalVibesTests.xctest; sourceTree = BUILT_PRODUCTS_DIR; };
		4E3F5FE620712CA600F4E97C /* GlobalVibesTests.m */ = {isa = PBXFileReference; lastKnownFileType = sourcecode.c.objc; path = GlobalVibesTests.m; sourceTree = "<group>"; };
		4E3F5FE820712CA600F4E97C /* Info.plist */ = {isa = PBXFileReference; lastKnownFileType = text.plist.xml; path = Info.plist; sourceTree = "<group>"; };
		4E3F5FED20712CA600F4E97C /* GlobalVibesUITests.xctest */ = {isa = PBXFileReference; explicitFileType = wrapper.cfbundle; includeInIndex = 0; path = GlobalVibesUITests.xctest; sourceTree = BUILT_PRODUCTS_DIR; };
		4E3F5FF120712CA600F4E97C /* GlobalVibesUITests.m */ = {isa = PBXFileReference; lastKnownFileType = sourcecode.c.objc; path = GlobalVibesUITests.m; sourceTree = "<group>"; };
		4E3F5FF320712CA600F4E97C /* Info.plist */ = {isa = PBXFileReference; lastKnownFileType = text.plist.xml; path = Info.plist; sourceTree = "<group>"; };
		4EAEC22020CDAC87001A6928 /* DetailViewController.h */ = {isa = PBXFileReference; lastKnownFileType = sourcecode.c.h; path = DetailViewController.h; sourceTree = "<group>"; };
		4EAEC22120CDAC87001A6928 /* DetailViewController.m */ = {isa = PBXFileReference; lastKnownFileType = sourcecode.c.objc; path = DetailViewController.m; sourceTree = "<group>"; };
		4EE1797720D069710014A94C /* GlobalVibes.entitlements */ = {isa = PBXFileReference; lastKnownFileType = text.plist.entitlements; path = GlobalVibes.entitlements; sourceTree = "<group>"; };
		4EF820EF2071AFBB00E72569 /* 3-DisneyFlag.jpeg */ = {isa = PBXFileReference; lastKnownFileType = image.jpeg; path = "3-DisneyFlag.jpeg"; sourceTree = "<group>"; };
		4EF820F02071AFBB00E72569 /* 5-ThailandFlag.jpeg */ = {isa = PBXFileReference; lastKnownFileType = image.jpeg; path = "5-ThailandFlag.jpeg"; sourceTree = "<group>"; };
		4EF820F12071AFBB00E72569 /* 2-PlayaDelCarmenFlag.jpeg */ = {isa = PBXFileReference; lastKnownFileType = image.jpeg; path = "2-PlayaDelCarmenFlag.jpeg"; sourceTree = "<group>"; };
		4EF820F22071AFBB00E72569 /* 4-BahamasFlag.jpeg */ = {isa = PBXFileReference; lastKnownFileType = image.jpeg; path = "4-BahamasFlag.jpeg"; sourceTree = "<group>"; };
		4EF820F32071AFBB00E72569 /* 1-BermudaFlag.jpeg */ = {isa = PBXFileReference; lastKnownFileType = image.jpeg; path = "1-BermudaFlag.jpeg"; sourceTree = "<group>"; };
		4EF820F42071AFBB00E72569 /* 6-MediterraneanFlag.jpeg */ = {isa = PBXFileReference; lastKnownFileType = image.jpeg; path = "6-MediterraneanFlag.jpeg"; sourceTree = "<group>"; };
		4EF820F52071AFBC00E72569 /* 7-HawaiiFlag.jpeg */ = {isa = PBXFileReference; lastKnownFileType = image.jpeg; path = "7-HawaiiFlag.jpeg"; sourceTree = "<group>"; };
		4EF820FD2071B25A00E72569 /* global-vibes-final-logo.jpg */ = {isa = PBXFileReference; lastKnownFileType = image.jpeg; path = "global-vibes-final-logo.jpg"; sourceTree = "<group>"; };
		591930DAFE141952E8883105 /* libPods-GlobalVibesTests.a */ = {isa = PBXFileReference; explicitFileType = archive.ar; includeInIndex = 0; path = "libPods-GlobalVibesTests.a"; sourceTree = BUILT_PRODUCTS_DIR; };
		6E02F1EA2210DEDA00344452 /* Spring_Tx_Houston_City_Place_Marriott_at_Springwoods_Village.jpeg */ = {isa = PBXFileReference; lastKnownFileType = image.jpeg; path = Spring_Tx_Houston_City_Place_Marriott_at_Springwoods_Village.jpeg; sourceTree = "<group>"; };
		6E02F1EB2210DEDA00344452 /* Lisbon_Portugal_Ramada_by_Wyndham.jpeg */ = {isa = PBXFileReference; lastKnownFileType = image.jpeg; path = Lisbon_Portugal_Ramada_by_Wyndham.jpeg; sourceTree = "<group>"; };
		6E02F1EC2210DEDA00344452 /* Wanning_China_DoubleTree_Resort_by_Hilton.jpeg */ = {isa = PBXFileReference; lastKnownFileType = image.jpeg; path = Wanning_China_DoubleTree_Resort_by_Hilton.jpeg; sourceTree = "<group>"; };
		6E02F1ED2210DEDA00344452 /* Dorado_Pr_Dorado_Beach_A_Ritz-Carlton_Reserve.jpeg */ = {isa = PBXFileReference; lastKnownFileType = image.jpeg; path = "Dorado_Pr_Dorado_Beach_A_Ritz-Carlton_Reserve.jpeg"; sourceTree = "<group>"; };
		6E02F1EE2210DEDA00344452 /* Burgenstock Resort Lake Lucerne.jpeg */ = {isa = PBXFileReference; lastKnownFileType = image.jpeg; path = "Burgenstock Resort Lake Lucerne.jpeg"; sourceTree = "<group>"; };
		6E02F1EF2210DEDB00344452 /* Chicago_Il_Sophy_Hyde_Park.jpeg */ = {isa = PBXFileReference; lastKnownFileType = image.jpeg; path = Chicago_Il_Sophy_Hyde_Park.jpeg; sourceTree = "<group>"; };
		6E02F1F02210DEDB00344452 /* San_Antonio_Tx_TownePlace_Suites_by_Marriott.jpeg */ = {isa = PBXFileReference; lastKnownFileType = image.jpeg; path = San_Antonio_Tx_TownePlace_Suites_by_Marriott.jpeg; sourceTree = "<group>"; };
		6E02F1F12210DEDB00344452 /* Ikeja_Nigeria_Legend_Hotel_Lagos_Airport.jpeg */ = {isa = PBXFileReference; lastKnownFileType = image.jpeg; path = Ikeja_Nigeria_Legend_Hotel_Lagos_Airport.jpeg; sourceTree = "<group>"; };
		6E02F1F22210DEDB00344452 /* Muscat_Oman_Al_Bustan_Palace_Ritz-Carlton_Hotel.jpeg */ = {isa = PBXFileReference; lastKnownFileType = image.jpeg; path = "Muscat_Oman_Al_Bustan_Palace_Ritz-Carlton_Hotel.jpeg"; sourceTree = "<group>"; };
		6E0D875A22115C2800F40FE7 /* global-vibes-final-logo57x57.png */ = {isa = PBXFileReference; lastKnownFileType = image.png; path = "global-vibes-final-logo57x57.png"; sourceTree = "<group>"; };
		6E0D875B22115C2800F40FE7 /* global-vibes-final-logo512x512.png */ = {isa = PBXFileReference; lastKnownFileType = image.png; path = "global-vibes-final-logo512x512.png"; sourceTree = "<group>"; };
		6E0D875E2211617E00F40FE7 /* GoogleService-Info.plist */ = {isa = PBXFileReference; fileEncoding = 4; lastKnownFileType = text.plist.xml; path = "GoogleService-Info.plist"; sourceTree = "<group>"; };
		6E6D816722114CC500B6D961 /* Wanning_China_DoubleTree_Resort_by_Hilton_LG.jpeg */ = {isa = PBXFileReference; lastKnownFileType = image.jpeg; path = Wanning_China_DoubleTree_Resort_by_Hilton_LG.jpeg; sourceTree = "<group>"; };
		6E6D816822114CC500B6D961 /* Chicago_Il_Sophy_Hyde_Park_LG.jpeg */ = {isa = PBXFileReference; lastKnownFileType = image.jpeg; path = Chicago_Il_Sophy_Hyde_Park_LG.jpeg; sourceTree = "<group>"; };
		6E6D816922114CC500B6D961 /* Burgenstock Resort Lake Lucerne_LG.jpeg */ = {isa = PBXFileReference; lastKnownFileType = image.jpeg; path = "Burgenstock Resort Lake Lucerne_LG.jpeg"; sourceTree = "<group>"; };
		6E6D816A22114CC500B6D961 /* San_Antonio_Tx_TownePlace_Suites_by_Marriott_LG.jpeg */ = {isa = PBXFileReference; lastKnownFileType = image.jpeg; path = San_Antonio_Tx_TownePlace_Suites_by_Marriott_LG.jpeg; sourceTree = "<group>"; };
		6E6D816B22114CC500B6D961 /* Muscat_Oman_Al_Bustan_Palace_Ritz-Carlton_Hotel_LG.jpeg */ = {isa = PBXFileReference; lastKnownFileType = image.jpeg; path = "Muscat_Oman_Al_Bustan_Palace_Ritz-Carlton_Hotel_LG.jpeg"; sourceTree = "<group>"; };
		6E6D816C22114CC600B6D961 /* Spring_Tx_Houston_City_Place_Marriott_at_Springwoods_Village_LG.jpeg */ = {isa = PBXFileReference; lastKnownFileType = image.jpeg; path = Spring_Tx_Houston_City_Place_Marriott_at_Springwoods_Village_LG.jpeg; sourceTree = "<group>"; };
		6E6D816D22114CC600B6D961 /* Dorado_Pr_Dorado_Beach_A_Ritz-Carlton_Reserve_LG.jpeg */ = {isa = PBXFileReference; lastKnownFileType = image.jpeg; path = "Dorado_Pr_Dorado_Beach_A_Ritz-Carlton_Reserve_LG.jpeg"; sourceTree = "<group>"; };
		6E6D816E22114CC600B6D961 /* Ikeja_Nigeria_Legend_Hotel_Lagos_Airport_LG.jpeg */ = {isa = PBXFileReference; lastKnownFileType = image.jpeg; path = Ikeja_Nigeria_Legend_Hotel_Lagos_Airport_LG.jpeg; sourceTree = "<group>"; };
		6E6D816F22114CC600B6D961 /* Lisbon_Portugal_Ramada_by_Wyndham_LG.jpeg */ = {isa = PBXFileReference; lastKnownFileType = image.jpeg; path = Lisbon_Portugal_Ramada_by_Wyndham_LG.jpeg; sourceTree = "<group>"; };
		7240E4157F44E733B338BFBD /* libPods-GlobalVibesUITests.a */ = {isa = PBXFileReference; explicitFileType = archive.ar; includeInIndex = 0; path = "libPods-GlobalVibesUITests.a"; sourceTree = BUILT_PRODUCTS_DIR; };
		A08638DC95E2ACE7D6C10B9A /* Pods-GlobalVibesUITests.release.xcconfig */ = {isa = PBXFileReference; includeInIndex = 1; lastKnownFileType = text.xcconfig; name = "Pods-GlobalVibesUITests.release.xcconfig"; path = "Pods/Target Support Files/Pods-GlobalVibesUITests/Pods-GlobalVibesUITests.release.xcconfig"; sourceTree = "<group>"; };
		ADF8DE8F20B64C79000EC30F /* TripList.txt */ = {isa = PBXFileReference; lastKnownFileType = text; path = TripList.txt; sourceTree = "<group>"; };
		CE0745DB0E8985CA70E9D4AC /* Pods-GlobalVibesTests.release.xcconfig */ = {isa = PBXFileReference; includeInIndex = 1; lastKnownFileType = text.xcconfig; name = "Pods-GlobalVibesTests.release.xcconfig"; path = "Pods/Target Support Files/Pods-GlobalVibesTests/Pods-GlobalVibesTests.release.xcconfig"; sourceTree = "<group>"; };
		CE89430B54D3E47576F6B2D3 /* Pods-GlobalVibes.debug.xcconfig */ = {isa = PBXFileReference; includeInIndex = 1; lastKnownFileType = text.xcconfig; name = "Pods-GlobalVibes.debug.xcconfig"; path = "Pods/Target Support Files/Pods-GlobalVibes/Pods-GlobalVibes.debug.xcconfig"; sourceTree = "<group>"; };
		E5782030E0FABC2D2665FA64 /* Pods-GlobalVibes.release.xcconfig */ = {isa = PBXFileReference; includeInIndex = 1; lastKnownFileType = text.xcconfig; name = "Pods-GlobalVibes.release.xcconfig"; path = "Pods/Target Support Files/Pods-GlobalVibes/Pods-GlobalVibes.release.xcconfig"; sourceTree = "<group>"; };
		F2761CE29ED720F5D34C400C /* Pods-GlobalVibesTests.debug.xcconfig */ = {isa = PBXFileReference; includeInIndex = 1; lastKnownFileType = text.xcconfig; name = "Pods-GlobalVibesTests.debug.xcconfig"; path = "Pods/Target Support Files/Pods-GlobalVibesTests/Pods-GlobalVibesTests.debug.xcconfig"; sourceTree = "<group>"; };
		FB28BA142EA95AC1404DCA21 /* libPods-GlobalVibes.a */ = {isa = PBXFileReference; explicitFileType = archive.ar; includeInIndex = 0; path = "libPods-GlobalVibes.a"; sourceTree = BUILT_PRODUCTS_DIR; };
/* End PBXFileReference section */

/* Begin PBXFrameworksBuildPhase section */
		4E3F5FC720712CA600F4E97C /* Frameworks */ = {
			isa = PBXFrameworksBuildPhase;
			buildActionMask = 2147483647;
			files = (
				E5CA0250C0546E534A8B004E /* libPods-GlobalVibes.a in Frameworks */,
			);
			runOnlyForDeploymentPostprocessing = 0;
		};
		4E3F5FDF20712CA600F4E97C /* Frameworks */ = {
			isa = PBXFrameworksBuildPhase;
			buildActionMask = 2147483647;
			files = (
				7F56F07193085A7C98FAC1CC /* libPods-GlobalVibesTests.a in Frameworks */,
			);
			runOnlyForDeploymentPostprocessing = 0;
		};
		4E3F5FEA20712CA600F4E97C /* Frameworks */ = {
			isa = PBXFrameworksBuildPhase;
			buildActionMask = 2147483647;
			files = (
				5F00816050364801BFAAB24A /* libPods-GlobalVibesUITests.a in Frameworks */,
			);
			runOnlyForDeploymentPostprocessing = 0;
		};
/* End PBXFrameworksBuildPhase section */

/* Begin PBXGroup section */
		43E967937F05CFAF728608E3 /* Frameworks */ = {
			isa = PBXGroup;
			children = (
				FB28BA142EA95AC1404DCA21 /* libPods-GlobalVibes.a */,
				591930DAFE141952E8883105 /* libPods-GlobalVibesTests.a */,
				7240E4157F44E733B338BFBD /* libPods-GlobalVibesUITests.a */,
			);
			name = Frameworks;
			sourceTree = "<group>";
		};
		4E3F5FC120712CA600F4E97C = {
			isa = PBXGroup;
			children = (
				4E3F5FCC20712CA600F4E97C /* GlobalVibes */,
				4E3F5FE520712CA600F4E97C /* GlobalVibesTests */,
				4E3F5FF020712CA600F4E97C /* GlobalVibesUITests */,
				4E3F5FCB20712CA600F4E97C /* Products */,
				43E967937F05CFAF728608E3 /* Frameworks */,
				DE7E1D9679D08C3DA1429938 /* Pods */,
			);
			sourceTree = "<group>";
		};
		4E3F5FCB20712CA600F4E97C /* Products */ = {
			isa = PBXGroup;
			children = (
				4E3F5FCA20712CA600F4E97C /* GlobalVibes.app */,
				4E3F5FE220712CA600F4E97C /* GlobalVibesTests.xctest */,
				4E3F5FED20712CA600F4E97C /* GlobalVibesUITests.xctest */,
			);
			name = Products;
			sourceTree = "<group>";
		};
		4E3F5FCC20712CA600F4E97C /* GlobalVibes */ = {
			isa = PBXGroup;
			children = (
				4EE1797720D069710014A94C /* GlobalVibes.entitlements */,
				4EF820DE2071AF8A00E72569 /* images */,
				4E3F5FCD20712CA600F4E97C /* AppDelegate.h */,
				4E3F5FCE20712CA600F4E97C /* AppDelegate.m */,
				4E3F5FD020712CA600F4E97C /* ViewController.h */,
				4E3F5FD120712CA600F4E97C /* ViewController.m */,
				4E3F5FD320712CA600F4E97C /* Main.storyboard */,
				4E3F5FD620712CA600F4E97C /* Assets.xcassets */,
				4E3F5FD820712CA600F4E97C /* LaunchScreen.storyboard */,
				4E3F5FDB20712CA600F4E97C /* Info.plist */,
				6E0D875E2211617E00F40FE7 /* GoogleService-Info.plist */,
				4E3F5FDC20712CA600F4E97C /* main.m */,
				ADF8DE8F20B64C79000EC30F /* TripList.txt */,
				4EAEC22020CDAC87001A6928 /* DetailViewController.h */,
				4EAEC22120CDAC87001A6928 /* DetailViewController.m */,
			);
			path = GlobalVibes;
			sourceTree = "<group>";
		};
		4E3F5FE520712CA600F4E97C /* GlobalVibesTests */ = {
			isa = PBXGroup;
			children = (
				4E3F5FE620712CA600F4E97C /* GlobalVibesTests.m */,
				4E3F5FE820712CA600F4E97C /* Info.plist */,
			);
			path = GlobalVibesTests;
			sourceTree = "<group>";
		};
		4E3F5FF020712CA600F4E97C /* GlobalVibesUITests */ = {
			isa = PBXGroup;
			children = (
				4E3F5FF120712CA600F4E97C /* GlobalVibesUITests.m */,
				4E3F5FF320712CA600F4E97C /* Info.plist */,
			);
			path = GlobalVibesUITests;
			sourceTree = "<group>";
		};
		4EF820DE2071AF8A00E72569 /* images */ = {
			isa = PBXGroup;
			children = (
				6E0D875A22115C2800F40FE7 /* global-vibes-final-logo57x57.png */,
				6E0D875B22115C2800F40FE7 /* global-vibes-final-logo512x512.png */,
				4EF820FD2071B25A00E72569 /* global-vibes-final-logo.jpg */,
				4EF820E02071AF9900E72569 /* scenes */,
				4EF820DF2071AF9300E72569 /* flags */,
			);
			path = images;
			sourceTree = "<group>";
		};
		4EF820DF2071AF9300E72569 /* flags */ = {
			isa = PBXGroup;
			children = (
				4EF820F32071AFBB00E72569 /* 1-BermudaFlag.jpeg */,
				4EF820F12071AFBB00E72569 /* 2-PlayaDelCarmenFlag.jpeg */,
				4EF820EF2071AFBB00E72569 /* 3-DisneyFlag.jpeg */,
				4EF820F22071AFBB00E72569 /* 4-BahamasFlag.jpeg */,
				4EF820F02071AFBB00E72569 /* 5-ThailandFlag.jpeg */,
				4EF820F42071AFBB00E72569 /* 6-MediterraneanFlag.jpeg */,
				4EF820F52071AFBC00E72569 /* 7-HawaiiFlag.jpeg */,
				4E06B5582072B30F00A4AF95 /* 8-JamicaFlag.jpeg */,
				4E06B55B2072B30F00A4AF95 /* 9-FijiFlag.jpeg */,
				4E06B55D2072B31000A4AF95 /* 10-FlordiaFlag.jpeg */,
				4E06B5592072B30F00A4AF95 /* 11-LosCabosFlag.jpeg */,
				4E06B5542072B30E00A4AF95 /* 12-SantaBarbraFlag.jpeg */,
				4E06B5532072B30E00A4AF95 /* 13-GreeceFlag.jpeg */,
				4E06B55E2072B31000A4AF95 /* 14-RivieraMayaFlag.jpeg */,
				4E06B55C2072B30F00A4AF95 /* 15-IndonesiaFlag.jpeg */,
				4E06B5562072B30F00A4AF95 /* 16-NassauFlag.jpeg */,
				4E06B56C2072C4E800A4AF95 /* 17-StVincentTheGrenadinesFlag.jpeg */,
				4E06B5572072B30F00A4AF95 /* 18-IbizaFlag.jpeg */,
				4E06B55A2072B30F00A4AF95 /* 19-FloridaFlag.jpeg */,
				4E06B5522072B30D00A4AF95 /* 20-CambodiaFlag.jpeg */,
			);
			path = flags;
			sourceTree = "<group>";
		};
		4EF820E02071AF9900E72569 /* scenes */ = {
			isa = PBXGroup;
			children = (
				6E6D816622114C5500B6D961 /* LargePict */,
				6E02F1E92210DEB400344452 /* SmallPicts */,
			);
			path = scenes;
			sourceTree = "<group>";
		};
		6E02F1E92210DEB400344452 /* SmallPicts */ = {
			isa = PBXGroup;
			children = (
				6E02F1EE2210DEDA00344452 /* Burgenstock Resort Lake Lucerne.jpeg */,
				6E02F1EF2210DEDB00344452 /* Chicago_Il_Sophy_Hyde_Park.jpeg */,
				6E02F1ED2210DEDA00344452 /* Dorado_Pr_Dorado_Beach_A_Ritz-Carlton_Reserve.jpeg */,
				6E02F1F12210DEDB00344452 /* Ikeja_Nigeria_Legend_Hotel_Lagos_Airport.jpeg */,
				6E02F1EB2210DEDA00344452 /* Lisbon_Portugal_Ramada_by_Wyndham.jpeg */,
				6E02F1F22210DEDB00344452 /* Muscat_Oman_Al_Bustan_Palace_Ritz-Carlton_Hotel.jpeg */,
				6E02F1F02210DEDB00344452 /* San_Antonio_Tx_TownePlace_Suites_by_Marriott.jpeg */,
				6E02F1EA2210DEDA00344452 /* Spring_Tx_Houston_City_Place_Marriott_at_Springwoods_Village.jpeg */,
				6E02F1EC2210DEDA00344452 /* Wanning_China_DoubleTree_Resort_by_Hilton.jpeg */,
			);
			path = SmallPicts;
			sourceTree = "<group>";
		};
		6E6D816622114C5500B6D961 /* LargePict */ = {
			isa = PBXGroup;
			children = (
				6E6D816922114CC500B6D961 /* Burgenstock Resort Lake Lucerne_LG.jpeg */,
				6E6D816822114CC500B6D961 /* Chicago_Il_Sophy_Hyde_Park_LG.jpeg */,
				6E6D816D22114CC600B6D961 /* Dorado_Pr_Dorado_Beach_A_Ritz-Carlton_Reserve_LG.jpeg */,
				6E6D816E22114CC600B6D961 /* Ikeja_Nigeria_Legend_Hotel_Lagos_Airport_LG.jpeg */,
				6E6D816F22114CC600B6D961 /* Lisbon_Portugal_Ramada_by_Wyndham_LG.jpeg */,
				6E6D816B22114CC500B6D961 /* Muscat_Oman_Al_Bustan_Palace_Ritz-Carlton_Hotel_LG.jpeg */,
				6E6D816A22114CC500B6D961 /* San_Antonio_Tx_TownePlace_Suites_by_Marriott_LG.jpeg */,
				6E6D816C22114CC600B6D961 /* Spring_Tx_Houston_City_Place_Marriott_at_Springwoods_Village_LG.jpeg */,
				6E6D816722114CC500B6D961 /* Wanning_China_DoubleTree_Resort_by_Hilton_LG.jpeg */,
			);
			path = LargePict;
			sourceTree = "<group>";
		};
		DE7E1D9679D08C3DA1429938 /* Pods */ = {
			isa = PBXGroup;
			children = (
				CE89430B54D3E47576F6B2D3 /* Pods-GlobalVibes.debug.xcconfig */,
				E5782030E0FABC2D2665FA64 /* Pods-GlobalVibes.release.xcconfig */,
				F2761CE29ED720F5D34C400C /* Pods-GlobalVibesTests.debug.xcconfig */,
				CE0745DB0E8985CA70E9D4AC /* Pods-GlobalVibesTests.release.xcconfig */,
				318FE45951334B6ECB61E031 /* Pods-GlobalVibesUITests.debug.xcconfig */,
				A08638DC95E2ACE7D6C10B9A /* Pods-GlobalVibesUITests.release.xcconfig */,
			);
			name = Pods;
			sourceTree = "<group>";
		};
/* End PBXGroup section */

/* Begin PBXNativeTarget section */
		4E3F5FC920712CA600F4E97C /* GlobalVibes */ = {
			isa = PBXNativeTarget;
			buildConfigurationList = 4E3F5FF620712CA600F4E97C /* Build configuration list for PBXNativeTarget "GlobalVibes" */;
			buildPhases = (
				E6965D4E2D685E96087F2F89 /* [CP] Check Pods Manifest.lock */,
				4E3F5FC620712CA600F4E97C /* Sources */,
				4E3F5FC720712CA600F4E97C /* Frameworks */,
				4E3F5FC820712CA600F4E97C /* Resources */,
			);
			buildRules = (
			);
			dependencies = (
			);
			name = GlobalVibes;
			productName = GlobalVibes;
			productReference = 4E3F5FCA20712CA600F4E97C /* GlobalVibes.app */;
			productType = "com.apple.product-type.application";
		};
		4E3F5FE120712CA600F4E97C /* GlobalVibesTests */ = {
			isa = PBXNativeTarget;
			buildConfigurationList = 4E3F5FF920712CA600F4E97C /* Build configuration list for PBXNativeTarget "GlobalVibesTests" */;
			buildPhases = (
				85D6278B3978E8EB2010106D /* [CP] Check Pods Manifest.lock */,
				4E3F5FDE20712CA600F4E97C /* Sources */,
				4E3F5FDF20712CA600F4E97C /* Frameworks */,
				4E3F5FE020712CA600F4E97C /* Resources */,
			);
			buildRules = (
			);
			dependencies = (
				4E3F5FE420712CA600F4E97C /* PBXTargetDependency */,
			);
			name = GlobalVibesTests;
			productName = GlobalVibesTests;
			productReference = 4E3F5FE220712CA600F4E97C /* GlobalVibesTests.xctest */;
			productType = "com.apple.product-type.bundle.unit-test";
		};
		4E3F5FEC20712CA600F4E97C /* GlobalVibesUITests */ = {
			isa = PBXNativeTarget;
			buildConfigurationList = 4E3F5FFC20712CA600F4E97C /* Build configuration list for PBXNativeTarget "GlobalVibesUITests" */;
			buildPhases = (
				B92D2BCA93648991FCB4B4E6 /* [CP] Check Pods Manifest.lock */,
				4E3F5FE920712CA600F4E97C /* Sources */,
				4E3F5FEA20712CA600F4E97C /* Frameworks */,
				4E3F5FEB20712CA600F4E97C /* Resources */,
			);
			buildRules = (
			);
			dependencies = (
				4E3F5FEF20712CA600F4E97C /* PBXTargetDependency */,
			);
			name = GlobalVibesUITests;
			productName = GlobalVibesUITests;
			productReference = 4E3F5FED20712CA600F4E97C /* GlobalVibesUITests.xctest */;
			productType = "com.apple.product-type.bundle.ui-testing";
		};
/* End PBXNativeTarget section */

/* Begin PBXProject section */
		4E3F5FC220712CA600F4E97C /* Project object */ = {
			isa = PBXProject;
			attributes = {
				LastUpgradeCheck = 0930;
				ORGANIZATIONNAME = "James Baker";
				TargetAttributes = {
					4E3F5FC920712CA600F4E97C = {
						CreatedOnToolsVersion = 9.2;
						ProvisioningStyle = Automatic;
						SystemCapabilities = {
							com.apple.Keychain = {
								enabled = 0;
							};
							com.apple.iCloud = {
								enabled = 0;
							};
						};
					};
					4E3F5FE120712CA600F4E97C = {
						CreatedOnToolsVersion = 9.2;
						ProvisioningStyle = Automatic;
						TestTargetID = 4E3F5FC920712CA600F4E97C;
					};
					4E3F5FEC20712CA600F4E97C = {
						CreatedOnToolsVersion = 9.2;
						ProvisioningStyle = Automatic;
						TestTargetID = 4E3F5FC920712CA600F4E97C;
					};
				};
			};
			buildConfigurationList = 4E3F5FC520712CA600F4E97C /* Build configuration list for PBXProject "GlobalVibes" */;
			compatibilityVersion = "Xcode 8.0";
			developmentRegion = en;
			hasScannedForEncodings = 0;
			knownRegions = (
				en,
				Base,
			);
			mainGroup = 4E3F5FC120712CA600F4E97C;
			productRefGroup = 4E3F5FCB20712CA600F4E97C /* Products */;
			projectDirPath = "";
			projectRoot = "";
			targets = (
				4E3F5FC920712CA600F4E97C /* GlobalVibes */,
				4E3F5FE120712CA600F4E97C /* GlobalVibesTests */,
				4E3F5FEC20712CA600F4E97C /* GlobalVibesUITests */,
			);
		};
/* End PBXProject section */

/* Begin PBXResourcesBuildPhase section */
		4E3F5FC820712CA600F4E97C /* Resources */ = {
			isa = PBXResourcesBuildPhase;
			buildActionMask = 2147483647;
			files = (
				6E6D817322114CC600B6D961 /* San_Antonio_Tx_TownePlace_Suites_by_Marriott_LG.jpeg in Resources */,
				4EF820FE2071B25B00E72569 /* global-vibes-final-logo.jpg in Resources */,
				4EF820F92071AFBC00E72569 /* 4-BahamasFlag.jpeg in Resources */,
				4E3F5FDA20712CA600F4E97C /* LaunchScreen.storyboard in Resources */,
				6E0D875D22115C2900F40FE7 /* global-vibes-final-logo512x512.png in Resources */,
				6E02F1F72210DEDB00344452 /* Burgenstock Resort Lake Lucerne.jpeg in Resources */,
				ADF8DE9020B64C79000EC30F /* TripList.txt in Resources */,
				4E06B5662072B31000A4AF95 /* 11-LosCabosFlag.jpeg in Resources */,
				4E06B5692072B31000A4AF95 /* 15-IndonesiaFlag.jpeg in Resources */,
				6E6D817122114CC600B6D961 /* Chicago_Il_Sophy_Hyde_Park_LG.jpeg in Resources */,
				6E02F1F92210DEDB00344452 /* San_Antonio_Tx_TownePlace_Suites_by_Marriott.jpeg in Resources */,
				6E02F1FB2210DEDB00344452 /* Muscat_Oman_Al_Bustan_Palace_Ritz-Carlton_Hotel.jpeg in Resources */,
				4EF820F72071AFBC00E72569 /* 5-ThailandFlag.jpeg in Resources */,
				6E02F1FA2210DEDB00344452 /* Ikeja_Nigeria_Legend_Hotel_Lagos_Airport.jpeg in Resources */,
				6E6D817222114CC600B6D961 /* Burgenstock Resort Lake Lucerne_LG.jpeg in Resources */,
				6E6D817822114CC600B6D961 /* Lisbon_Portugal_Ramada_by_Wyndham_LG.jpeg in Resources */,
				6E02F1F32210DEDB00344452 /* Spring_Tx_Houston_City_Place_Marriott_at_Springwoods_Village.jpeg in Resources */,
				6E02F1F42210DEDB00344452 /* Lisbon_Portugal_Ramada_by_Wyndham.jpeg in Resources */,
				4E06B5682072B31000A4AF95 /* 9-FijiFlag.jpeg in Resources */,
				6E0D875F2211617F00F40FE7 /* GoogleService-Info.plist in Resources */,
				4E06B55F2072B31000A4AF95 /* 20-CambodiaFlag.jpeg in Resources */,
				4E06B5602072B31000A4AF95 /* 13-GreeceFlag.jpeg in Resources */,
				6E02F1F52210DEDB00344452 /* Wanning_China_DoubleTree_Resort_by_Hilton.jpeg in Resources */,
				6E6D817522114CC600B6D961 /* Spring_Tx_Houston_City_Place_Marriott_at_Springwoods_Village_LG.jpeg in Resources */,
				4E06B56B2072B31000A4AF95 /* 14-RivieraMayaFlag.jpeg in Resources */,
				4E06B5612072B31000A4AF95 /* 12-SantaBarbraFlag.jpeg in Resources */,
				4EF820FC2071AFBC00E72569 /* 7-HawaiiFlag.jpeg in Resources */,
				4E06B5632072B31000A4AF95 /* 16-NassauFlag.jpeg in Resources */,
				4EF820FA2071AFBC00E72569 /* 1-BermudaFlag.jpeg in Resources */,
				6E6D817622114CC600B6D961 /* Dorado_Pr_Dorado_Beach_A_Ritz-Carlton_Reserve_LG.jpeg in Resources */,
				6E6D817022114CC600B6D961 /* Wanning_China_DoubleTree_Resort_by_Hilton_LG.jpeg in Resources */,
				4EF820F62071AFBC00E72569 /* 3-DisneyFlag.jpeg in Resources */,
				4E06B56A2072B31000A4AF95 /* 10-FlordiaFlag.jpeg in Resources */,
				4EF820FB2071AFBC00E72569 /* 6-MediterraneanFlag.jpeg in Resources */,
				6E6D817422114CC600B6D961 /* Muscat_Oman_Al_Bustan_Palace_Ritz-Carlton_Hotel_LG.jpeg in Resources */,
				4E06B56D2072C4E900A4AF95 /* 17-StVincentTheGrenadinesFlag.jpeg in Resources */,
				6E0D875C22115C2900F40FE7 /* global-vibes-final-logo57x57.png in Resources */,
				6E02F1F82210DEDB00344452 /* Chicago_Il_Sophy_Hyde_Park.jpeg in Resources */,
				6E02F1F62210DEDB00344452 /* Dorado_Pr_Dorado_Beach_A_Ritz-Carlton_Reserve.jpeg in Resources */,
				4E3F5FD720712CA600F4E97C /* Assets.xcassets in Resources */,
				4E06B5642072B31000A4AF95 /* 18-IbizaFlag.jpeg in Resources */,
				4EF820F82071AFBC00E72569 /* 2-PlayaDelCarmenFlag.jpeg in Resources */,
				6E6D817722114CC600B6D961 /* Ikeja_Nigeria_Legend_Hotel_Lagos_Airport_LG.jpeg in Resources */,
				4E06B5672072B31000A4AF95 /* 19-FloridaFlag.jpeg in Resources */,
				4E3F5FD520712CA600F4E97C /* Main.storyboard in Resources */,
				4E06B5652072B31000A4AF95 /* 8-JamicaFlag.jpeg in Resources */,
			);
			runOnlyForDeploymentPostprocessing = 0;
		};
		4E3F5FE020712CA600F4E97C /* Resources */ = {
			isa = PBXResourcesBuildPhase;
			buildActionMask = 2147483647;
			files = (
			);
			runOnlyForDeploymentPostprocessing = 0;
		};
		4E3F5FEB20712CA600F4E97C /* Resources */ = {
			isa = PBXResourcesBuildPhase;
			buildActionMask = 2147483647;
			files = (
			);
			runOnlyForDeploymentPostprocessing = 0;
		};
/* End PBXResourcesBuildPhase section */

/* Begin PBXShellScriptBuildPhase section */
		85D6278B3978E8EB2010106D /* [CP] Check Pods Manifest.lock */ = {
			isa = PBXShellScriptBuildPhase;
			buildActionMask = 2147483647;
			files = (
			);
			inputPaths = (
				"${PODS_PODFILE_DIR_PATH}/Podfile.lock",
				"${PODS_ROOT}/Manifest.lock",
			);
			name = "[CP] Check Pods Manifest.lock";
			outputPaths = (
				"$(DERIVED_FILE_DIR)/Pods-GlobalVibesTests-checkManifestLockResult.txt",
			);
			runOnlyForDeploymentPostprocessing = 0;
			shellPath = /bin/sh;
			shellScript = "diff \"${PODS_PODFILE_DIR_PATH}/Podfile.lock\" \"${PODS_ROOT}/Manifest.lock\" > /dev/null\nif [ $? != 0 ] ; then\n    # print error to STDERR\n    echo \"error: The sandbox is not in sync with the Podfile.lock. Run 'pod install' or update your CocoaPods installation.\" >&2\n    exit 1\nfi\n# This output is used by Xcode 'outputs' to avoid re-running this script phase.\necho \"SUCCESS\" > \"${SCRIPT_OUTPUT_FILE_0}\"\n";
			showEnvVarsInLog = 0;
		};
		B92D2BCA93648991FCB4B4E6 /* [CP] Check Pods Manifest.lock */ = {
			isa = PBXShellScriptBuildPhase;
			buildActionMask = 2147483647;
			files = (
			);
			inputPaths = (
				"${PODS_PODFILE_DIR_PATH}/Podfile.lock",
				"${PODS_ROOT}/Manifest.lock",
			);
			name = "[CP] Check Pods Manifest.lock";
			outputPaths = (
				"$(DERIVED_FILE_DIR)/Pods-GlobalVibesUITests-checkManifestLockResult.txt",
			);
			runOnlyForDeploymentPostprocessing = 0;
			shellPath = /bin/sh;
			shellScript = "diff \"${PODS_PODFILE_DIR_PATH}/Podfile.lock\" \"${PODS_ROOT}/Manifest.lock\" > /dev/null\nif [ $? != 0 ] ; then\n    # print error to STDERR\n    echo \"error: The sandbox is not in sync with the Podfile.lock. Run 'pod install' or update your CocoaPods installation.\" >&2\n    exit 1\nfi\n# This output is used by Xcode 'outputs' to avoid re-running this script phase.\necho \"SUCCESS\" > \"${SCRIPT_OUTPUT_FILE_0}\"\n";
			showEnvVarsInLog = 0;
		};
		E6965D4E2D685E96087F2F89 /* [CP] Check Pods Manifest.lock */ = {
			isa = PBXShellScriptBuildPhase;
			buildActionMask = 2147483647;
			files = (
			);
			inputPaths = (
				"${PODS_PODFILE_DIR_PATH}/Podfile.lock",
				"${PODS_ROOT}/Manifest.lock",
			);
			name = "[CP] Check Pods Manifest.lock";
			outputPaths = (
				"$(DERIVED_FILE_DIR)/Pods-GlobalVibes-checkManifestLockResult.txt",
			);
			runOnlyForDeploymentPostprocessing = 0;
			shellPath = /bin/sh;
			shellScript = "diff \"${PODS_PODFILE_DIR_PATH}/Podfile.lock\" \"${PODS_ROOT}/Manifest.lock\" > /dev/null\nif [ $? != 0 ] ; then\n    # print error to STDERR\n    echo \"error: The sandbox is not in sync with the Podfile.lock. Run 'pod install' or update your CocoaPods installation.\" >&2\n    exit 1\nfi\n# This output is used by Xcode 'outputs' to avoid re-running this script phase.\necho \"SUCCESS\" > \"${SCRIPT_OUTPUT_FILE_0}\"\n";
			showEnvVarsInLog = 0;
		};
/* End PBXShellScriptBuildPhase section */

/* Begin PBXSourcesBuildPhase section */
		4E3F5FC620712CA600F4E97C /* Sources */ = {
			isa = PBXSourcesBuildPhase;
			buildActionMask = 2147483647;
			files = (
				4E3F5FD220712CA600F4E97C /* ViewController.m in Sources */,
				4E3F5FDD20712CA600F4E97C /* main.m in Sources */,
				4E3F5FCF20712CA600F4E97C /* AppDelegate.m in Sources */,
				4EAEC22220CDAC87001A6928 /* DetailViewController.m in Sources */,
			);
			runOnlyForDeploymentPostprocessing = 0;
		};
		4E3F5FDE20712CA600F4E97C /* Sources */ = {
			isa = PBXSourcesBuildPhase;
			buildActionMask = 2147483647;
			files = (
				4E3F5FE720712CA600F4E97C /* GlobalVibesTests.m in Sources */,
			);
			runOnlyForDeploymentPostprocessing = 0;
		};
		4E3F5FE920712CA600F4E97C /* Sources */ = {
			isa = PBXSourcesBuildPhase;
			buildActionMask = 2147483647;
			files = (
				4E3F5FF220712CA600F4E97C /* GlobalVibesUITests.m in Sources */,
			);
			runOnlyForDeploymentPostprocessing = 0;
		};
/* End PBXSourcesBuildPhase section */

/* Begin PBXTargetDependency section */
		4E3F5FE420712CA600F4E97C /* PBXTargetDependency */ = {
			isa = PBXTargetDependency;
			target = 4E3F5FC920712CA600F4E97C /* GlobalVibes */;
			targetProxy = 4E3F5FE320712CA600F4E97C /* PBXContainerItemProxy */;
		};
		4E3F5FEF20712CA600F4E97C /* PBXTargetDependency */ = {
			isa = PBXTargetDependency;
			target = 4E3F5FC920712CA600F4E97C /* GlobalVibes */;
			targetProxy = 4E3F5FEE20712CA600F4E97C /* PBXContainerItemProxy */;
		};
/* End PBXTargetDependency section */

/* Begin PBXVariantGroup section */
		4E3F5FD320712CA600F4E97C /* Main.storyboard */ = {
			isa = PBXVariantGroup;
			children = (
				4E3F5FD420712CA600F4E97C /* Base */,
			);
			name = Main.storyboard;
			sourceTree = "<group>";
		};
		4E3F5FD820712CA600F4E97C /* LaunchScreen.storyboard */ = {
			isa = PBXVariantGroup;
			children = (
				4E3F5FD920712CA600F4E97C /* Base */,
			);
			name = LaunchScreen.storyboard;
			sourceTree = "<group>";
		};
/* End PBXVariantGroup section */

/* Begin XCBuildConfiguration section */
		4E3F5FF420712CA600F4E97C /* Debug */ = {
			isa = XCBuildConfiguration;
			buildSettings = {
				ALWAYS_SEARCH_USER_PATHS = NO;
				CLANG_ANALYZER_NONNULL = YES;
				CLANG_ANALYZER_NUMBER_OBJECT_CONVERSION = YES_AGGRESSIVE;
				CLANG_CXX_LANGUAGE_STANDARD = "gnu++14";
				CLANG_CXX_LIBRARY = "libc++";
				CLANG_ENABLE_MODULES = YES;
				CLANG_ENABLE_OBJC_ARC = YES;
				CLANG_WARN_BLOCK_CAPTURE_AUTORELEASING = YES;
				CLANG_WARN_BOOL_CONVERSION = YES;
				CLANG_WARN_COMMA = YES;
				CLANG_WARN_CONSTANT_CONVERSION = YES;
				CLANG_WARN_DEPRECATED_OBJC_IMPLEMENTATIONS = YES;
				CLANG_WARN_DIRECT_OBJC_ISA_USAGE = YES_ERROR;
				CLANG_WARN_DOCUMENTATION_COMMENTS = YES;
				CLANG_WARN_EMPTY_BODY = YES;
				CLANG_WARN_ENUM_CONVERSION = YES;
				CLANG_WARN_INFINITE_RECURSION = YES;
				CLANG_WARN_INT_CONVERSION = YES;
				CLANG_WARN_NON_LITERAL_NULL_CONVERSION = YES;
				CLANG_WARN_OBJC_IMPLICIT_RETAIN_SELF = YES;
				CLANG_WARN_OBJC_LITERAL_CONVERSION = YES;
				CLANG_WARN_OBJC_ROOT_CLASS = YES_ERROR;
				CLANG_WARN_RANGE_LOOP_ANALYSIS = YES;
				CLANG_WARN_STRICT_PROTOTYPES = YES;
				CLANG_WARN_SUSPICIOUS_MOVE = YES;
				CLANG_WARN_UNGUARDED_AVAILABILITY = YES_AGGRESSIVE;
				CLANG_WARN_UNREACHABLE_CODE = YES;
				CLANG_WARN__DUPLICATE_METHOD_MATCH = YES;
				CODE_SIGN_IDENTITY = "iPhone Developer";
				COPY_PHASE_STRIP = NO;
				DEBUG_INFORMATION_FORMAT = dwarf;
				ENABLE_STRICT_OBJC_MSGSEND = YES;
				ENABLE_TESTABILITY = YES;
				GCC_C_LANGUAGE_STANDARD = gnu11;
				GCC_DYNAMIC_NO_PIC = NO;
				GCC_NO_COMMON_BLOCKS = YES;
				GCC_OPTIMIZATION_LEVEL = 0;
				GCC_PREPROCESSOR_DEFINITIONS = (
					"DEBUG=1",
					"$(inherited)",
				);
				GCC_WARN_64_TO_32_BIT_CONVERSION = YES;
				GCC_WARN_ABOUT_RETURN_TYPE = YES_ERROR;
				GCC_WARN_UNDECLARED_SELECTOR = YES;
				GCC_WARN_UNINITIALIZED_AUTOS = YES_AGGRESSIVE;
				GCC_WARN_UNUSED_FUNCTION = YES;
				GCC_WARN_UNUSED_VARIABLE = YES;
				IPHONEOS_DEPLOYMENT_TARGET = 11.2;
				MTL_ENABLE_DEBUG_INFO = YES;
				ONLY_ACTIVE_ARCH = YES;
				SDKROOT = iphoneos;
			};
			name = Debug;
		};
		4E3F5FF520712CA600F4E97C /* Release */ = {
			isa = XCBuildConfiguration;
			buildSettings = {
				ALWAYS_SEARCH_USER_PATHS = NO;
				CLANG_ANALYZER_NONNULL = YES;
				CLANG_ANALYZER_NUMBER_OBJECT_CONVERSION = YES_AGGRESSIVE;
				CLANG_CXX_LANGUAGE_STANDARD = "gnu++14";
				CLANG_CXX_LIBRARY = "libc++";
				CLANG_ENABLE_MODULES = YES;
				CLANG_ENABLE_OBJC_ARC = YES;
				CLANG_WARN_BLOCK_CAPTURE_AUTORELEASING = YES;
				CLANG_WARN_BOOL_CONVERSION = YES;
				CLANG_WARN_COMMA = YES;
				CLANG_WARN_CONSTANT_CONVERSION = YES;
				CLANG_WARN_DEPRECATED_OBJC_IMPLEMENTATIONS = YES;
				CLANG_WARN_DIRECT_OBJC_ISA_USAGE = YES_ERROR;
				CLANG_WARN_DOCUMENTATION_COMMENTS = YES;
				CLANG_WARN_EMPTY_BODY = YES;
				CLANG_WARN_ENUM_CONVERSION = YES;
				CLANG_WARN_INFINITE_RECURSION = YES;
				CLANG_WARN_INT_CONVERSION = YES;
				CLANG_WARN_NON_LITERAL_NULL_CONVERSION = YES;
				CLANG_WARN_OBJC_IMPLICIT_RETAIN_SELF = YES;
				CLANG_WARN_OBJC_LITERAL_CONVERSION = YES;
				CLANG_WARN_OBJC_ROOT_CLASS = YES_ERROR;
				CLANG_WARN_RANGE_LOOP_ANALYSIS = YES;
				CLANG_WARN_STRICT_PROTOTYPES = YES;
				CLANG_WARN_SUSPICIOUS_MOVE = YES;
				CLANG_WARN_UNGUARDED_AVAILABILITY = YES_AGGRESSIVE;
				CLANG_WARN_UNREACHABLE_CODE = YES;
				CLANG_WARN__DUPLICATE_METHOD_MATCH = YES;
				CODE_SIGN_IDENTITY = "iPhone Developer";
				COPY_PHASE_STRIP = NO;
				DEBUG_INFORMATION_FORMAT = "dwarf-with-dsym";
				ENABLE_NS_ASSERTIONS = NO;
				ENABLE_STRICT_OBJC_MSGSEND = YES;
				GCC_C_LANGUAGE_STANDARD = gnu11;
				GCC_NO_COMMON_BLOCKS = YES;
				GCC_WARN_64_TO_32_BIT_CONVERSION = YES;
				GCC_WARN_ABOUT_RETURN_TYPE = YES_ERROR;
				GCC_WARN_UNDECLARED_SELECTOR = YES;
				GCC_WARN_UNINITIALIZED_AUTOS = YES_AGGRESSIVE;
				GCC_WARN_UNUSED_FUNCTION = YES;
				GCC_WARN_UNUSED_VARIABLE = YES;
				IPHONEOS_DEPLOYMENT_TARGET = 11.2;
				MTL_ENABLE_DEBUG_INFO = NO;
				SDKROOT = iphoneos;
				VALIDATE_PRODUCT = YES;
			};
			name = Release;
		};
		4E3F5FF720712CA600F4E97C /* Debug */ = {
			isa = XCBuildConfiguration;
			baseConfigurationReference = CE89430B54D3E47576F6B2D3 /* Pods-GlobalVibes.debug.xcconfig */;
			buildSettings = {
				ASSETCATALOG_COMPILER_APPICON_NAME = AppIcon;
				CODE_SIGN_IDENTITY = "iPhone Developer";
				CODE_SIGN_STYLE = Automatic;
				DEVELOPMENT_TEAM = G3P9A8Z2NP;
				INFOPLIST_FILE = GlobalVibes/Info.plist;
				IPHONEOS_DEPLOYMENT_TARGET = 12.0;
				LD_RUNPATH_SEARCH_PATHS = "$(inherited) @executable_path/Frameworks";
				PRODUCT_BUNDLE_IDENTIFIER = Baker.GlobalVibes;
				PRODUCT_NAME = "$(TARGET_NAME)";
				PROVISIONING_PROFILE = "";
				PROVISIONING_PROFILE_SPECIFIER = "";
				TARGETED_DEVICE_FAMILY = "1,2";
			};
			name = Debug;
		};
		4E3F5FF820712CA600F4E97C /* Release */ = {
			isa = XCBuildConfiguration;
			baseConfigurationReference = E5782030E0FABC2D2665FA64 /* Pods-GlobalVibes.release.xcconfig */;
			buildSettings = {
				ASSETCATALOG_COMPILER_APPICON_NAME = AppIcon;
				CODE_SIGN_IDENTITY = "iPhone Developer";
				CODE_SIGN_STYLE = Automatic;
				DEVELOPMENT_TEAM = G3P9A8Z2NP;
				INFOPLIST_FILE = GlobalVibes/Info.plist;
				IPHONEOS_DEPLOYMENT_TARGET = 12.0;
				LD_RUNPATH_SEARCH_PATHS = "$(inherited) @executable_path/Frameworks";
				PRODUCT_BUNDLE_IDENTIFIER = Baker.GlobalVibes;
				PRODUCT_NAME = "$(TARGET_NAME)";
				PROVISIONING_PROFILE_SPECIFIER = "";
				TARGETED_DEVICE_FAMILY = "1,2";
			};
			name = Release;
		};
		4E3F5FFA20712CA600F4E97C /* Debug */ = {
			isa = XCBuildConfiguration;
			baseConfigurationReference = F2761CE29ED720F5D34C400C /* Pods-GlobalVibesTests.debug.xcconfig */;
			buildSettings = {
				BUNDLE_LOADER = "$(TEST_HOST)";
				CODE_SIGN_STYLE = Automatic;
				DEVELOPMENT_TEAM = G3P9A8Z2NP;
				INFOPLIST_FILE = GlobalVibesTests/Info.plist;
				LD_RUNPATH_SEARCH_PATHS = "$(inherited) @executable_path/Frameworks @loader_path/Frameworks";
				PRODUCT_BUNDLE_IDENTIFIER = Baker.GlobalVibesTests;
				PRODUCT_NAME = "$(TARGET_NAME)";
				TARGETED_DEVICE_FAMILY = "1,2";
				TEST_HOST = "$(BUILT_PRODUCTS_DIR)/GlobalVibes.app/GlobalVibes";
			};
			name = Debug;
		};
		4E3F5FFB20712CA600F4E97C /* Release */ = {
			isa = XCBuildConfiguration;
			baseConfigurationReference = CE0745DB0E8985CA70E9D4AC /* Pods-GlobalVibesTests.release.xcconfig */;
			buildSettings = {
				BUNDLE_LOADER = "$(TEST_HOST)";
				CODE_SIGN_STYLE = Automatic;
				DEVELOPMENT_TEAM = G3P9A8Z2NP;
				INFOPLIST_FILE = GlobalVibesTests/Info.plist;
				LD_RUNPATH_SEARCH_PATHS = "$(inherited) @executable_path/Frameworks @loader_path/Frameworks";
				PRODUCT_BUNDLE_IDENTIFIER = Baker.GlobalVibesTests;
				PRODUCT_NAME = "$(TARGET_NAME)";
				TARGETED_DEVICE_FAMILY = "1,2";
				TEST_HOST = "$(BUILT_PRODUCTS_DIR)/GlobalVibes.app/GlobalVibes";
			};
			name = Release;
		};
		4E3F5FFD20712CA600F4E97C /* Debug */ = {
			isa = XCBuildConfiguration;
			baseConfigurationReference = 318FE45951334B6ECB61E031 /* Pods-GlobalVibesUITests.debug.xcconfig */;
			buildSettings = {
				CODE_SIGN_STYLE = Automatic;
				DEVELOPMENT_TEAM = G3P9A8Z2NP;
				INFOPLIST_FILE = GlobalVibesUITests/Info.plist;
				LD_RUNPATH_SEARCH_PATHS = "$(inherited) @executable_path/Frameworks @loader_path/Frameworks";
				PRODUCT_BUNDLE_IDENTIFIER = Baker.GlobalVibesUITests;
				PRODUCT_NAME = "$(TARGET_NAME)";
				TARGETED_DEVICE_FAMILY = "1,2";
				TEST_TARGET_NAME = GlobalVibes;
			};
			name = Debug;
		};
		4E3F5FFE20712CA600F4E97C /* Release */ = {
			isa = XCBuildConfiguration;
			baseConfigurationReference = A08638DC95E2ACE7D6C10B9A /* Pods-GlobalVibesUITests.release.xcconfig */;
			buildSettings = {
				CODE_SIGN_STYLE = Automatic;
				DEVELOPMENT_TEAM = G3P9A8Z2NP;
				INFOPLIST_FILE = GlobalVibesUITests/Info.plist;
				LD_RUNPATH_SEARCH_PATHS = "$(inherited) @executable_path/Frameworks @loader_path/Frameworks";
				PRODUCT_BUNDLE_IDENTIFIER = Baker.GlobalVibesUITests;
				PRODUCT_NAME = "$(TARGET_NAME)";
				TARGETED_DEVICE_FAMILY = "1,2";
				TEST_TARGET_NAME = GlobalVibes;
			};
			name = Release;
		};
/* End XCBuildConfiguration section */

/* Begin XCConfigurationList section */
		4E3F5FC520712CA600F4E97C /* Build configuration list for PBXProject "GlobalVibes" */ = {
			isa = XCConfigurationList;
			buildConfigurations = (
				4E3F5FF420712CA600F4E97C /* Debug */,
				4E3F5FF520712CA600F4E97C /* Release */,
			);
			defaultConfigurationIsVisible = 0;
			defaultConfigurationName = Release;
		};
		4E3F5FF620712CA600F4E97C /* Build configuration list for PBXNativeTarget "GlobalVibes" */ = {
			isa = XCConfigurationList;
			buildConfigurations = (
				4E3F5FF720712CA600F4E97C /* Debug */,
				4E3F5FF820712CA600F4E97C /* Release */,
			);
			defaultConfigurationIsVisible = 0;
			defaultConfigurationName = Release;
		};
		4E3F5FF920712CA600F4E97C /* Build configuration list for PBXNativeTarget "GlobalVibesTests" */ = {
			isa = XCConfigurationList;
			buildConfigurations = (
				4E3F5FFA20712CA600F4E97C /* Debug */,
				4E3F5FFB20712CA600F4E97C /* Release */,
			);
			defaultConfigurationIsVisible = 0;
			defaultConfigurationName = Release;
		};
		4E3F5FFC20712CA600F4E97C /* Build configuration list for PBXNativeTarget "GlobalVibesUITests" */ = {
			isa = XCConfigurationList;
			buildConfigurations = (
				4E3F5FFD20712CA600F4E97C /* Debug */,
				4E3F5FFE20712CA600F4E97C /* Release */,
			);
			defaultConfigurationIsVisible = 0;
			defaultConfigurationName = Release;
		};
/* End XCConfigurationList section */
	};
	rootObject = 4E3F5FC220712CA600F4E97C /* Project object */;
}
